
Microsoft Visual Studio Solution File, Format Version 12.00
# Visual Studio Version 17
VisualStudioVersion = 17.9.34723.18
MinimumVisualStudioVersion = 10.0.40219.1
Project("{FAE04EC0-301F-11D3-BF4B-00C04F79EFBC}") = "TrionAPI", "TrionAPI.csproj", "{1C097A5F-7B03-42F4-9977-B8FBC0FD83A7}"
EndProject
Global
	GlobalSection(SolutionConfigurationPlatforms) = preSolution
		Debug|Any CPU = Debug|Any CPU
		Release|Any CPU = Release|Any CPU
	EndGlobalSection
	GlobalSection(ProjectConfigurationPlatforms) = postSolution
		{1C097A5F-7B03-42F4-9977-B8FBC0FD83A7}.Debug|Any CPU.ActiveCfg = Debug|Any CPU
		{1C097A5F-7B03-42F4-9977-B8FBC0FD83A7}.Debug|Any CPU.Build.0 = Debug|Any CPU
		{1C097A5F-7B03-42F4-9977-B8FBC0FD83A7}.Release|Any CPU.ActiveCfg = Release|Any CPU
		{1C097A5F-7B03-42F4-9977-B8FBC0FD83A7}.Release|Any CPU.Build.0 = Release|Any CPU
	EndGlobalSection
	GlobalSection(SolutionProperties) = preSolution
		HideSolutionNode = FALSE
	EndGlobalSection
	GlobalSection(ExtensibilityGlobals) = postSolution
		SolutionGuid = {E44C531D-D3A7-4048-B461-515F83DFD67C}
	EndGlobalSection
EndGlobal
